
Microsoft Visual Studio Solution File, Format Version 12.00
# Visual Studio 15
VisualStudioVersion = 15.0.28010.2016
MinimumVisualStudioVersion = 10.0.40219.1
Project("{FAE04EC0-301F-11D3-BF4B-00C04F79EFBC}") = "esimeneapps", "esimeneapps\esimeneapps.csproj", "{EB26E156-D3FE-4E90-BEDE-F7BF7C37E02B}"
EndProject
Global
	GlobalSection(SolutionConfigurationPlatforms) = preSolution
		Debug|Any CPU = Debug|Any CPU
		Release|Any CPU = Release|Any CPU
	EndGlobalSection
	GlobalSection(ProjectConfigurationPlatforms) = postSolution
		{EB26E156-D3FE-4E90-BEDE-F7BF7C37E02B}.Debug|Any CPU.ActiveCfg = Debug|Any CPU
		{EB26E156-D3FE-4E90-BEDE-F7BF7C37E02B}.Debug|Any CPU.Build.0 = Debug|Any CPU
		{EB26E156-D3FE-4E90-BEDE-F7BF7C37E02B}.Debug|Any CPU.Deploy.0 = Debug|Any CPU
		{EB26E156-D3FE-4E90-BEDE-F7BF7C37E02B}.Release|Any CPU.ActiveCfg = Release|Any CPU
		{EB26E156-D3FE-4E90-BEDE-F7BF7C37E02B}.Release|Any CPU.Build.0 = Release|Any CPU
		{EB26E156-D3FE-4E90-BEDE-F7BF7C37E02B}.Release|Any CPU.Deploy.0 = Release|Any CPU
	EndGlobalSection
	GlobalSection(SolutionProperties) = preSolution
		HideSolutionNode = FALSE
	EndGlobalSection
	GlobalSection(ExtensibilityGlobals) = postSolution
		SolutionGuid = {48174EA9-3CC9-409A-8EEA-59592AB67411}
	EndGlobalSection
EndGlobal
